<?xml version="1.0" encoding="utf-8"?>
<Project ToolsVersion="4.0" xmlns="http://schemas.microsoft.com/developer/msbuild/2003">
  <ItemGroup>
    <Filter Include="Header Files">
      <UniqueIdentifier>{93995380-89BD-4b04-88EB-625FBE52EBFB}</UniqueIdentifier>
      <Extensions>h;hpp;hxx;hm;inl;inc;xsd</Extensions>
    </Filter>
    <Filter Include="Resource Files">
      <UniqueIdentifier>{67DA6AB6-F800-4c08-8B7A-83BB121AAD01}</UniqueIdentifier>
      <Extensions>rc;ico;cur;bmp;dlg;rc2;rct;bin;rgs;gif;jpg;jpeg;jpe;resx</Extensions>
    </Filter>
    <Filter Include="Source Files">
      <UniqueIdentifier>{4FC737F1-C7A5-4376-A066-2A32D752A2FF}</UniqueIdentifier>
      <Extensions>cpp;c;cc;cxx;def;odl;idl;hpj;bat;asm;asmx</Extensions>
    </Filter>
  </ItemGroup>
  <ItemGroup>
    <ClInclude Include="apis\apis.h">
      <Filter>Header Files</Filter>
    </ClInclude>
    <ClInclude Include="disasm\disassembler.h">
      <Filter>Header Files</Filter>
    </ClInclude>
    <ClInclude Include="emu\emu.h">
      <Filter>Header Files</Filter>
    </ClInclude>
    <ClInclude Include="hde28c\hde32.h">
      <Filter>Header Files</Filter>
    </ClInclude>
    <ClInclude Include="macros.h">
      <Filter>Header Files</Filter>
    </ClInclude>
    <ClInclude Include="os\os.h">
      <Filter>Header Files</Filter>
    </ClInclude>
    <ClInclude Include="pe.h">
      <Filter>Header Files</Filter>
    </ClInclude>
    <ClInclude Include="seh.h">
      <Filter>Header Files</Filter>
    </ClInclude>
    <ClInclude Include="hde28c\table32.h">
      <Filter>Header Files</Filter>
    </ClInclude>
    <ClInclude Include="tib.h">
      <Filter>Header Files</Filter>
    </ClInclude>
    <ClInclude Include="x86emu.h">
      <Filter>Header Files</Filter>
    </ClInclude>
    <ClInclude Include="X86emu_private.h">
      <Filter>Header Files</Filter>
    </ClInclude>
  </ItemGroup>
  <ItemGroup>
    <ClCompile Include="apis\apis.cpp">
      <Filter>Source Files</Filter>
    </ClCompile>
    <ClCompile Include="apis\apis_emu.cpp">
      <Filter>Source Files</Filter>
    </ClCompile>
    <ClCompile Include="dbg\asm\asm_dbg.cpp">
      <Filter>Source Files</Filter>
    </ClCompile>
    <ClCompile Include="dbg\asm\asm_parser.cpp">
      <Filter>Source Files</Filter>
    </ClCompile>
    <ClCompile Include="disasm\assembler.cpp">
      <Filter>Source Files</Filter>
    </ClCompile>
    <ClCompile Include="emu\binary.cpp">
      <Filter>Source Files</Filter>
    </ClCompile>
    <ClCompile Include="dbg\dbg.cpp">
      <Filter>Source Files</Filter>
    </ClCompile>
    <ClCompile Include="disasm\disassembler.cpp">
      <Filter>Source Files</Filter>
    </ClCompile>
    <ClCompile Include="emu\fpu.cpp">
      <Filter>Source Files</Filter>
    </ClCompile>
    <ClCompile Include="hde28c\hde32.cpp">
      <Filter>Source Files</Filter>
    </ClCompile>
    <ClCompile Include="emu\jmps.cpp">
      <Filter>Source Files</Filter>
    </ClCompile>
    <ClCompile Include="log.cpp">
      <Filter>Source Files</Filter>
    </ClCompile>
    <ClCompile Include="main.cpp">
      <Filter>Source Files</Filter>
    </ClCompile>
    <ClCompile Include="emu\math.cpp">
      <Filter>Source Files</Filter>
    </ClCompile>
    <ClCompile Include="emu\math2.cpp">
      <Filter>Source Files</Filter>
    </ClCompile>
    <ClCompile Include="disasm\opcodes.cpp">
      <Filter>Source Files</Filter>
    </ClCompile>
    <ClCompile Include="os\os.cpp">
      <Filter>Source Files</Filter>
    </ClCompile>
    <ClCompile Include="pe.cpp">
      <Filter>Source Files</Filter>
    </ClCompile>
    <ClCompile Include="process.cpp">
      <Filter>Source Files</Filter>
    </ClCompile>
    <ClCompile Include="seh.cpp">
      <Filter>Source Files</Filter>
    </ClCompile>
    <ClCompile Include="stack.cpp">
      <Filter>Source Files</Filter>
    </ClCompile>
    <ClCompile Include="emu\strings.cpp">
      <Filter>Source Files</Filter>
    </ClCompile>
    <ClCompile Include="system.cpp">
      <Filter>Source Files</Filter>
    </ClCompile>
    <ClCompile Include="thread.cpp">
      <Filter>Source Files</Filter>
    </ClCompile>
    <ClCompile Include="vmem.cpp">
      <Filter>Source Files</Filter>
    </ClCompile>
  </ItemGroup>
</Project>